
Microsoft Visual Studio Solution File, Format Version 12.00
# Visual Studio 14
VisualStudioVersion = 14.0.25123.0
MinimumVisualStudioVersion = 10.0.40219.1
Project("{FAE04EC0-301F-11D3-BF4B-00C04F79EFBC}") = "Xm.Trial", "Xm.Trial\Xm.Trial.csproj", "{0943179C-114C-4A10-9976-ADBACF5BC425}"
EndProject
Project("{FAE04EC0-301F-11D3-BF4B-00C04F79EFBC}") = "Xm.Trial.Tests", "Xm.Trial.Tests\Xm.Trial.Tests.csproj", "{22B56737-F494-4430-9170-3E6E81970C45}"
EndProject
Global
	GlobalSection(SolutionConfigurationPlatforms) = preSolution
		Debug|Any CPU = Debug|Any CPU
		Release|Any CPU = Release|Any CPU
	EndGlobalSection
	GlobalSection(ProjectConfigurationPlatforms) = postSolution
		{0943179C-114C-4A10-9976-ADBACF5BC425}.Debug|Any CPU.ActiveCfg = Debug|Any CPU
		{0943179C-114C-4A10-9976-ADBACF5BC425}.Debug|Any CPU.Build.0 = Debug|Any CPU
		{0943179C-114C-4A10-9976-ADBACF5BC425}.Release|Any CPU.ActiveCfg = Release|Any CPU
		{0943179C-114C-4A10-9976-ADBACF5BC425}.Release|Any CPU.Build.0 = Release|Any CPU
		{22B56737-F494-4430-9170-3E6E81970C45}.Debug|Any CPU.ActiveCfg = Debug|Any CPU
		{22B56737-F494-4430-9170-3E6E81970C45}.Debug|Any CPU.Build.0 = Debug|Any CPU
		{22B56737-F494-4430-9170-3E6E81970C45}.Release|Any CPU.ActiveCfg = Release|Any CPU
		{22B56737-F494-4430-9170-3E6E81970C45}.Release|Any CPU.Build.0 = Release|Any CPU
	EndGlobalSection
	GlobalSection(SolutionProperties) = preSolution
		HideSolutionNode = FALSE
	EndGlobalSection
EndGlobal
